
Microsoft Visual Studio Solution File, Format Version 12.00
# Visual Studio Version 17
VisualStudioVersion = 17.10.34916.146
MinimumVisualStudioVersion = 10.0.40219.1
Project("{FAE04EC0-301F-11D3-BF4B-00C04F79EFBC}") = "CustomMessageBoxTester", "CustomMessageBoxTester\CustomMessageBoxTester.csproj", "{737B895B-712A-46F5-BBB6-3A4CB935DF3F}"
EndProject
Global
	GlobalSection(SolutionConfigurationPlatforms) = preSolution
		Debug|Any CPU = Debug|Any CPU
		Release|Any CPU = Release|Any CPU
	EndGlobalSection
	GlobalSection(ProjectConfigurationPlatforms) = postSolution
		{737B895B-712A-46F5-BBB6-3A4CB935DF3F}.Debug|Any CPU.ActiveCfg = Debug|Any CPU
		{737B895B-712A-46F5-BBB6-3A4CB935DF3F}.Debug|Any CPU.Build.0 = Debug|Any CPU
		{737B895B-712A-46F5-BBB6-3A4CB935DF3F}.Release|Any CPU.ActiveCfg = Release|Any CPU
		{737B895B-712A-46F5-BBB6-3A4CB935DF3F}.Release|Any CPU.Build.0 = Release|Any CPU
	EndGlobalSection
	GlobalSection(SolutionProperties) = preSolution
		HideSolutionNode = FALSE
	EndGlobalSection
	GlobalSection(ExtensibilityGlobals) = postSolution
		SolutionGuid = {2B040C23-AF2F-4BA4-A535-6E165F4D327B}
	EndGlobalSection
EndGlobal
